// !$*UTF8*$!
{
	archiveVersion = 1;
	classes = {
	};
	objectVersion = 55;
	objects = {

/* Begin PBXBuildFile section */
		1710C06429102AB4006F3405 /* cardview.swift in Sources */ = {isa = PBXBuildFile; fileRef = 1710C06329102AB4006F3405 /* cardview.swift */; };
		173115192918CE62001E4D2B /* SecondViewController.swift in Sources */ = {isa = PBXBuildFile; fileRef = 173115182918CE62001E4D2B /* SecondViewController.swift */; };
		17A539F7292C07E2009A9556 /* SignupViewController.swift in Sources */ = {isa = PBXBuildFile; fileRef = 17A539F6292C07E2009A9556 /* SignupViewController.swift */; };
		17F3D05C292978F70043BD90 /* LoginViewController.swift in Sources */ = {isa = PBXBuildFile; fileRef = 17F3D05B292978F70043BD90 /* LoginViewController.swift */; };
		17F3D0602929951A0043BD90 /* GoogleService-Info.plist in Resources */ = {isa = PBXBuildFile; fileRef = 17F3D05F2929951A0043BD90 /* GoogleService-Info.plist */; };
		17F3D063292997FA0043BD90 /* FirebaseAnalytics in Frameworks */ = {isa = PBXBuildFile; productRef = 17F3D062292997FA0043BD90 /* FirebaseAnalytics */; };
		17F3D065292997FA0043BD90 /* FirebaseAnalyticsOnDeviceConversion in Frameworks */ = {isa = PBXBuildFile; productRef = 17F3D064292997FA0043BD90 /* FirebaseAnalyticsOnDeviceConversion */; };
		17F3D067292997FA0043BD90 /* FirebaseAnalyticsSwift in Frameworks */ = {isa = PBXBuildFile; productRef = 17F3D066292997FA0043BD90 /* FirebaseAnalyticsSwift */; };
		17F3D069292997FA0043BD90 /* FirebaseAnalyticsWithoutAdIdSupport in Frameworks */ = {isa = PBXBuildFile; productRef = 17F3D068292997FA0043BD90 /* FirebaseAnalyticsWithoutAdIdSupport */; };
		17F3D06B292997FA0043BD90 /* FirebaseAppCheck in Frameworks */ = {isa = PBXBuildFile; productRef = 17F3D06A292997FA0043BD90 /* FirebaseAppCheck */; };
		17F3D06D292997FA0043BD90 /* FirebaseAppDistribution-Beta in Frameworks */ = {isa = PBXBuildFile; productRef = 17F3D06C292997FA0043BD90 /* FirebaseAppDistribution-Beta */; };
		17F3D06F292997FA0043BD90 /* FirebaseAuth in Frameworks */ = {isa = PBXBuildFile; productRef = 17F3D06E292997FA0043BD90 /* FirebaseAuth */; };
		17F3D071292997FA0043BD90 /* FirebaseAuthCombine-Community in Frameworks */ = {isa = PBXBuildFile; productRef = 17F3D070292997FA0043BD90 /* FirebaseAuthCombine-Community */; };
		17F3D073292997FA0043BD90 /* FirebaseDatabase in Frameworks */ = {isa = PBXBuildFile; productRef = 17F3D072292997FA0043BD90 /* FirebaseDatabase */; };
		17F3D075292997FA0043BD90 /* FirebaseDatabaseSwift in Frameworks */ = {isa = PBXBuildFile; productRef = 17F3D074292997FA0043BD90 /* FirebaseDatabaseSwift */; };
		17F3D077292997FA0043BD90 /* FirebaseFirestore in Frameworks */ = {isa = PBXBuildFile; productRef = 17F3D076292997FA0043BD90 /* FirebaseFirestore */; };
		17F3D079292BE3510043BD90 /* BookmarkViewController.swift in Sources */ = {isa = PBXBuildFile; fileRef = 17F3D078292BE3510043BD90 /* BookmarkViewController.swift */; };
		9DD19C0828F390A700758C5D /* AppDelegate.swift in Sources */ = {isa = PBXBuildFile; fileRef = 9DD19C0728F390A700758C5D /* AppDelegate.swift */; };
		9DD19C0A28F390A700758C5D /* SceneDelegate.swift in Sources */ = {isa = PBXBuildFile; fileRef = 9DD19C0928F390A700758C5D /* SceneDelegate.swift */; };
		9DD19C0C28F390A700758C5D /* ViewController.swift in Sources */ = {isa = PBXBuildFile; fileRef = 9DD19C0B28F390A700758C5D /* ViewController.swift */; };
		9DD19C0F28F390A700758C5D /* Main.storyboard in Resources */ = {isa = PBXBuildFile; fileRef = 9DD19C0D28F390A700758C5D /* Main.storyboard */; };
		9DD19C1128F390AA00758C5D /* Assets.xcassets in Resources */ = {isa = PBXBuildFile; fileRef = 9DD19C1028F390AA00758C5D /* Assets.xcassets */; };
		9DD19C1428F390AA00758C5D /* LaunchScreen.storyboard in Resources */ = {isa = PBXBuildFile; fileRef = 9DD19C1228F390AA00758C5D /* LaunchScreen.storyboard */; };
/* End PBXBuildFile section */

/* Begin PBXFileReference section */
		1710C06329102AB4006F3405 /* cardview.swift */ = {isa = PBXFileReference; lastKnownFileType = sourcecode.swift; path = cardview.swift; sourceTree = "<group>"; };
		173115182918CE62001E4D2B /* SecondViewController.swift */ = {isa = PBXFileReference; lastKnownFileType = sourcecode.swift; path = SecondViewController.swift; sourceTree = "<group>"; };
		17A539F6292C07E2009A9556 /* SignupViewController.swift */ = {isa = PBXFileReference; lastKnownFileType = sourcecode.swift; path = SignupViewController.swift; sourceTree = "<group>"; };
		17F3D05B292978F70043BD90 /* LoginViewController.swift */ = {isa = PBXFileReference; lastKnownFileType = sourcecode.swift; path = LoginViewController.swift; sourceTree = "<group>"; };
		17F3D05F2929951A0043BD90 /* GoogleService-Info.plist */ = {isa = PBXFileReference; fileEncoding = 4; lastKnownFileType = text.plist.xml; path = "GoogleService-Info.plist"; sourceTree = "<group>"; };
		17F3D078292BE3510043BD90 /* BookmarkViewController.swift */ = {isa = PBXFileReference; lastKnownFileType = sourcecode.swift; path = BookmarkViewController.swift; sourceTree = "<group>"; };
		6BD936662918F7F400ED45A7 /* en */ = {isa = PBXFileReference; lastKnownFileType = text.plist.strings; name = en; path = en.lproj/Main.strings; sourceTree = "<group>"; };
		9DD19C0428F390A700758C5D /* SmartRecipe.app */ = {isa = PBXFileReference; explicitFileType = wrapper.application; includeInIndex = 0; path = SmartRecipe.app; sourceTree = BUILT_PRODUCTS_DIR; };
		9DD19C0728F390A700758C5D /* AppDelegate.swift */ = {isa = PBXFileReference; lastKnownFileType = sourcecode.swift; path = AppDelegate.swift; sourceTree = "<group>"; };
		9DD19C0928F390A700758C5D /* SceneDelegate.swift */ = {isa = PBXFileReference; lastKnownFileType = sourcecode.swift; path = SceneDelegate.swift; sourceTree = "<group>"; };
		9DD19C0B28F390A700758C5D /* ViewController.swift */ = {isa = PBXFileReference; lastKnownFileType = sourcecode.swift; path = ViewController.swift; sourceTree = "<group>"; };
		9DD19C0E28F390A700758C5D /* Base */ = {isa = PBXFileReference; lastKnownFileType = file.storyboard; name = Base; path = Base.lproj/Main.storyboard; sourceTree = "<group>"; };
		9DD19C1028F390AA00758C5D /* Assets.xcassets */ = {isa = PBXFileReference; lastKnownFileType = folder.assetcatalog; path = Assets.xcassets; sourceTree = "<group>"; };
		9DD19C1328F390AA00758C5D /* Base */ = {isa = PBXFileReference; lastKnownFileType = file.storyboard; name = Base; path = Base.lproj/LaunchScreen.storyboard; sourceTree = "<group>"; };
		9DD19C1528F390AA00758C5D /* Info.plist */ = {isa = PBXFileReference; lastKnownFileType = text.plist.xml; path = Info.plist; sourceTree = "<group>"; };
/* End PBXFileReference section */

/* Begin PBXFrameworksBuildPhase section */
		9DD19C0128F390A700758C5D /* Frameworks */ = {
			isa = PBXFrameworksBuildPhase;
			buildActionMask = 2147483647;
			files = (
				17F3D075292997FA0043BD90 /* FirebaseDatabaseSwift in Frameworks */,
				17F3D067292997FA0043BD90 /* FirebaseAnalyticsSwift in Frameworks */,
				17F3D063292997FA0043BD90 /* FirebaseAnalytics in Frameworks */,
				17F3D065292997FA0043BD90 /* FirebaseAnalyticsOnDeviceConversion in Frameworks */,
				17F3D06B292997FA0043BD90 /* FirebaseAppCheck in Frameworks */,
				17F3D069292997FA0043BD90 /* FirebaseAnalyticsWithoutAdIdSupport in Frameworks */,
				17F3D06F292997FA0043BD90 /* FirebaseAuth in Frameworks */,
				17F3D073292997FA0043BD90 /* FirebaseDatabase in Frameworks */,
				17F3D06D292997FA0043BD90 /* FirebaseAppDistribution-Beta in Frameworks */,
				17F3D077292997FA0043BD90 /* FirebaseFirestore in Frameworks */,
				17F3D071292997FA0043BD90 /* FirebaseAuthCombine-Community in Frameworks */,
			);
			runOnlyForDeploymentPostprocessing = 0;
		};
/* End PBXFrameworksBuildPhase section */

/* Begin PBXGroup section */
		1710C06229102A8B006F3405 /* Utils */ = {
			isa = PBXGroup;
			children = (
				1710C06329102AB4006F3405 /* cardview.swift */,
			);
			path = Utils;
			sourceTree = "<group>";
		};
		9DD19BFB28F390A700758C5D = {
			isa = PBXGroup;
			children = (
				9DD19C0628F390A700758C5D /* SmartRecipe */,
				9DD19C0528F390A700758C5D /* Products */,
			);
			sourceTree = "<group>";
		};
		9DD19C0528F390A700758C5D /* Products */ = {
			isa = PBXGroup;
			children = (
				9DD19C0428F390A700758C5D /* SmartRecipe.app */,
			);
			name = Products;
			sourceTree = "<group>";
		};
		9DD19C0628F390A700758C5D /* SmartRecipe */ = {
			isa = PBXGroup;
			children = (
				1710C06229102A8B006F3405 /* Utils */,
				9DD19C0728F390A700758C5D /* AppDelegate.swift */,
				9DD19C0928F390A700758C5D /* SceneDelegate.swift */,
				17F3D05B292978F70043BD90 /* LoginViewController.swift */,
				173115182918CE62001E4D2B /* SecondViewController.swift */,
				9DD19C0B28F390A700758C5D /* ViewController.swift */,
				17F3D078292BE3510043BD90 /* BookmarkViewController.swift */,
				17A539F6292C07E2009A9556 /* SignupViewController.swift */,
				9DD19C0D28F390A700758C5D /* Main.storyboard */,
				9DD19C1028F390AA00758C5D /* Assets.xcassets */,
				9DD19C1228F390AA00758C5D /* LaunchScreen.storyboard */,
				17F3D05F2929951A0043BD90 /* GoogleService-Info.plist */,
				9DD19C1528F390AA00758C5D /* Info.plist */,
			);
			path = SmartRecipe;
			sourceTree = "<group>";
		};
/* End PBXGroup section */

/* Begin PBXNativeTarget section */
		9DD19C0328F390A700758C5D /* SmartRecipe */ = {
			isa = PBXNativeTarget;
			buildConfigurationList = 9DD19C1828F390AA00758C5D /* Build configuration list for PBXNativeTarget "SmartRecipe" */;
			buildPhases = (
				9DD19C0028F390A700758C5D /* Sources */,
				9DD19C0128F390A700758C5D /* Frameworks */,
				9DD19C0228F390A700758C5D /* Resources */,
			);
			buildRules = (
			);
			dependencies = (
			);
			name = SmartRecipe;
			packageProductDependencies = (
				17F3D062292997FA0043BD90 /* FirebaseAnalytics */,
				17F3D064292997FA0043BD90 /* FirebaseAnalyticsOnDeviceConversion */,
				17F3D066292997FA0043BD90 /* FirebaseAnalyticsSwift */,
				17F3D068292997FA0043BD90 /* FirebaseAnalyticsWithoutAdIdSupport */,
				17F3D06A292997FA0043BD90 /* FirebaseAppCheck */,
				17F3D06C292997FA0043BD90 /* FirebaseAppDistribution-Beta */,
				17F3D06E292997FA0043BD90 /* FirebaseAuth */,
				17F3D070292997FA0043BD90 /* FirebaseAuthCombine-Community */,
				17F3D072292997FA0043BD90 /* FirebaseDatabase */,
				17F3D074292997FA0043BD90 /* FirebaseDatabaseSwift */,
				17F3D076292997FA0043BD90 /* FirebaseFirestore */,
			);
			productName = SmartRecipe;
			productReference = 9DD19C0428F390A700758C5D /* SmartRecipe.app */;
			productType = "com.apple.product-type.application";
		};
/* End PBXNativeTarget section */

/* Begin PBXProject section */
		9DD19BFC28F390A700758C5D /* Project object */ = {
			isa = PBXProject;
			attributes = {
				BuildIndependentTargetsInParallel = 1;
				LastSwiftUpdateCheck = 1340;
				LastUpgradeCheck = 1340;
				TargetAttributes = {
					9DD19C0328F390A700758C5D = {
						CreatedOnToolsVersion = 13.4.1;
					};
				};
			};
			buildConfigurationList = 9DD19BFF28F390A700758C5D /* Build configuration list for PBXProject "SmartRecipe" */;
			compatibilityVersion = "Xcode 13.0";
			developmentRegion = en;
			hasScannedForEncodings = 0;
			knownRegions = (
				en,
				Base,
			);
			mainGroup = 9DD19BFB28F390A700758C5D;
			packageReferences = (
				17F3D061292997FA0043BD90 /* XCRemoteSwiftPackageReference "firebase-ios-sdk" */,
			);
			productRefGroup = 9DD19C0528F390A700758C5D /* Products */;
			projectDirPath = "";
			projectRoot = "";
			targets = (
				9DD19C0328F390A700758C5D /* SmartRecipe */,
			);
		};
/* End PBXProject section */

/* Begin PBXResourcesBuildPhase section */
		9DD19C0228F390A700758C5D /* Resources */ = {
			isa = PBXResourcesBuildPhase;
			buildActionMask = 2147483647;
			files = (
				9DD19C1428F390AA00758C5D /* LaunchScreen.storyboard in Resources */,
				9DD19C1128F390AA00758C5D /* Assets.xcassets in Resources */,
				9DD19C0F28F390A700758C5D /* Main.storyboard in Resources */,
				17F3D0602929951A0043BD90 /* GoogleService-Info.plist in Resources */,
			);
			runOnlyForDeploymentPostprocessing = 0;
		};
/* End PBXResourcesBuildPhase section */

/* Begin PBXSourcesBuildPhase section */
		9DD19C0028F390A700758C5D /* Sources */ = {
			isa = PBXSourcesBuildPhase;
			buildActionMask = 2147483647;
			files = (
				17F3D05C292978F70043BD90 /* LoginViewController.swift in Sources */,
				9DD19C0C28F390A700758C5D /* ViewController.swift in Sources */,
				17A539F7292C07E2009A9556 /* SignupViewController.swift in Sources */,
				9DD19C0828F390A700758C5D /* AppDelegate.swift in Sources */,
				17F3D079292BE3510043BD90 /* BookmarkViewController.swift in Sources */,
				1710C06429102AB4006F3405 /* cardview.swift in Sources */,
				173115192918CE62001E4D2B /* SecondViewController.swift in Sources */,
				9DD19C0A28F390A700758C5D /* SceneDelegate.swift in Sources */,
			);
			runOnlyForDeploymentPostprocessing = 0;
		};
/* End PBXSourcesBuildPhase section */

/* Begin PBXVariantGroup section */
		9DD19C0D28F390A700758C5D /* Main.storyboard */ = {
			isa = PBXVariantGroup;
			children = (
				9DD19C0E28F390A700758C5D /* Base */,
				6BD936662918F7F400ED45A7 /* en */,
			);
			name = Main.storyboard;
			sourceTree = "<group>";
		};
		9DD19C1228F390AA00758C5D /* LaunchScreen.storyboard */ = {
			isa = PBXVariantGroup;
			children = (
				9DD19C1328F390AA00758C5D /* Base */,
			);
			name = LaunchScreen.storyboard;
			sourceTree = "<group>";
		};
/* End PBXVariantGroup section */

/* Begin XCBuildConfiguration section */
		9DD19C1628F390AA00758C5D /* Debug */ = {
			isa = XCBuildConfiguration;
			buildSettings = {
				ALWAYS_SEARCH_USER_PATHS = NO;
				CLANG_ANALYZER_NONNULL = YES;
				CLANG_ANALYZER_NUMBER_OBJECT_CONVERSION = YES_AGGRESSIVE;
				CLANG_CXX_LANGUAGE_STANDARD = "gnu++17";
				CLANG_ENABLE_MODULES = YES;
				CLANG_ENABLE_OBJC_ARC = YES;
				CLANG_ENABLE_OBJC_WEAK = YES;
				CLANG_WARN_BLOCK_CAPTURE_AUTORELEASING = YES;
				CLANG_WARN_BOOL_CONVERSION = YES;
				CLANG_WARN_COMMA = YES;
				CLANG_WARN_CONSTANT_CONVERSION = YES;
				CLANG_WARN_DEPRECATED_OBJC_IMPLEMENTATIONS = YES;
				CLANG_WARN_DIRECT_OBJC_ISA_USAGE = YES_ERROR;
				CLANG_WARN_DOCUMENTATION_COMMENTS = YES;
				CLANG_WARN_EMPTY_BODY = YES;
				CLANG_WARN_ENUM_CONVERSION = YES;
				CLANG_WARN_INFINITE_RECURSION = YES;
				CLANG_WARN_INT_CONVERSION = YES;
				CLANG_WARN_NON_LITERAL_NULL_CONVERSION = YES;
				CLANG_WARN_OBJC_IMPLICIT_RETAIN_SELF = YES;
				CLANG_WARN_OBJC_LITERAL_CONVERSION = YES;
				CLANG_WARN_OBJC_ROOT_CLASS = YES_ERROR;
				CLANG_WARN_QUOTED_INCLUDE_IN_FRAMEWORK_HEADER = YES;
				CLANG_WARN_RANGE_LOOP_ANALYSIS = YES;
				CLANG_WARN_STRICT_PROTOTYPES = YES;
				CLANG_WARN_SUSPICIOUS_MOVE = YES;
				CLANG_WARN_UNGUARDED_AVAILABILITY = YES_AGGRESSIVE;
				CLANG_WARN_UNREACHABLE_CODE = YES;
				CLANG_WARN__DUPLICATE_METHOD_MATCH = YES;
				COPY_PHASE_STRIP = NO;
				DEBUG_INFORMATION_FORMAT = dwarf;
				ENABLE_STRICT_OBJC_MSGSEND = YES;
				ENABLE_TESTABILITY = YES;
				GCC_C_LANGUAGE_STANDARD = gnu11;
				GCC_DYNAMIC_NO_PIC = NO;
				GCC_NO_COMMON_BLOCKS = YES;
				GCC_OPTIMIZATION_LEVEL = 0;
				GCC_PREPROCESSOR_DEFINITIONS = (
					"DEBUG=1",
					"$(inherited)",
				);
				GCC_WARN_64_TO_32_BIT_CONVERSION = YES;
				GCC_WARN_ABOUT_RETURN_TYPE = YES_ERROR;
				GCC_WARN_UNDECLARED_SELECTOR = YES;
				GCC_WARN_UNINITIALIZED_AUTOS = YES_AGGRESSIVE;
				GCC_WARN_UNUSED_FUNCTION = YES;
				GCC_WARN_UNUSED_VARIABLE = YES;
				IPHONEOS_DEPLOYMENT_TARGET = 15.5;
				MTL_ENABLE_DEBUG_INFO = INCLUDE_SOURCE;
				MTL_FAST_MATH = YES;
				ONLY_ACTIVE_ARCH = YES;
				SDKROOT = iphoneos;
				SWIFT_ACTIVE_COMPILATION_CONDITIONS = DEBUG;
				SWIFT_OPTIMIZATION_LEVEL = "-Onone";
			};
			name = Debug;
		};
		9DD19C1728F390AA00758C5D /* Release */ = {
			isa = XCBuildConfiguration;
			buildSettings = {
				ALWAYS_SEARCH_USER_PATHS = NO;
				CLANG_ANALYZER_NONNULL = YES;
				CLANG_ANALYZER_NUMBER_OBJECT_CONVERSION = YES_AGGRESSIVE;
				CLANG_CXX_LANGUAGE_STANDARD = "gnu++17";
				CLANG_ENABLE_MODULES = YES;
				CLANG_ENABLE_OBJC_ARC = YES;
				CLANG_ENABLE_OBJC_WEAK = YES;
				CLANG_WARN_BLOCK_CAPTURE_AUTORELEASING = YES;
				CLANG_WARN_BOOL_CONVERSION = YES;
				CLANG_WARN_COMMA = YES;
				CLANG_WARN_CONSTANT_CONVERSION = YES;
				CLANG_WARN_DEPRECATED_OBJC_IMPLEMENTATIONS = YES;
				CLANG_WARN_DIRECT_OBJC_ISA_USAGE = YES_ERROR;
				CLANG_WARN_DOCUMENTATION_COMMENTS = YES;
				CLANG_WARN_EMPTY_BODY = YES;
				CLANG_WARN_ENUM_CONVERSION = YES;
				CLANG_WARN_INFINITE_RECURSION = YES;
				CLANG_WARN_INT_CONVERSION = YES;
				CLANG_WARN_NON_LITERAL_NULL_CONVERSION = YES;
				CLANG_WARN_OBJC_IMPLICIT_RETAIN_SELF = YES;
				CLANG_WARN_OBJC_LITERAL_CONVERSION = YES;
				CLANG_WARN_OBJC_ROOT_CLASS = YES_ERROR;
				CLANG_WARN_QUOTED_INCLUDE_IN_FRAMEWORK_HEADER = YES;
				CLANG_WARN_RANGE_LOOP_ANALYSIS = YES;
				CLANG_WARN_STRICT_PROTOTYPES = YES;
				CLANG_WARN_SUSPICIOUS_MOVE = YES;
				CLANG_WARN_UNGUARDED_AVAILABILITY = YES_AGGRESSIVE;
				CLANG_WARN_UNREACHABLE_CODE = YES;
				CLANG_WARN__DUPLICATE_METHOD_MATCH = YES;
				COPY_PHASE_STRIP = NO;
				DEBUG_INFORMATION_FORMAT = "dwarf-with-dsym";
				ENABLE_NS_ASSERTIONS = NO;
				ENABLE_STRICT_OBJC_MSGSEND = YES;
				GCC_C_LANGUAGE_STANDARD = gnu11;
				GCC_NO_COMMON_BLOCKS = YES;
				GCC_WARN_64_TO_32_BIT_CONVERSION = YES;
				GCC_WARN_ABOUT_RETURN_TYPE = YES_ERROR;
				GCC_WARN_UNDECLARED_SELECTOR = YES;
				GCC_WARN_UNINITIALIZED_AUTOS = YES_AGGRESSIVE;
				GCC_WARN_UNUSED_FUNCTION = YES;
				GCC_WARN_UNUSED_VARIABLE = YES;
				IPHONEOS_DEPLOYMENT_TARGET = 15.5;
				MTL_ENABLE_DEBUG_INFO = NO;
				MTL_FAST_MATH = YES;
				SDKROOT = iphoneos;
				SWIFT_COMPILATION_MODE = wholemodule;
				SWIFT_OPTIMIZATION_LEVEL = "-O";
				VALIDATE_PRODUCT = YES;
			};
			name = Release;
		};
		9DD19C1928F390AA00758C5D /* Debug */ = {
			isa = XCBuildConfiguration;
			buildSettings = {
				ASSETCATALOG_COMPILER_APPICON_NAME = AppIcon;
				ASSETCATALOG_COMPILER_GLOBAL_ACCENT_COLOR_NAME = AccentColor;
				CODE_SIGN_IDENTITY = "Apple Development";
				CODE_SIGN_STYLE = Automatic;
				CURRENT_PROJECT_VERSION = 1;
				DEVELOPMENT_TEAM = UTWY6D5UW3;
				GENERATE_INFOPLIST_FILE = YES;
				INFOPLIST_FILE = SmartRecipe/Info.plist;
				INFOPLIST_KEY_UIApplicationSupportsIndirectInputEvents = YES;
				INFOPLIST_KEY_UILaunchStoryboardName = LaunchScreen;
				INFOPLIST_KEY_UIMainStoryboardFile = Main;
				INFOPLIST_KEY_UISupportedInterfaceOrientations_iPad = "UIInterfaceOrientationPortrait UIInterfaceOrientationPortraitUpsideDown UIInterfaceOrientationLandscapeLeft UIInterfaceOrientationLandscapeRight";
				INFOPLIST_KEY_UISupportedInterfaceOrientations_iPhone = "UIInterfaceOrientationPortrait UIInterfaceOrientationLandscapeLeft UIInterfaceOrientationLandscapeRight";
				LD_RUNPATH_SEARCH_PATHS = (
					"$(inherited)",
					"@executable_path/Frameworks",
				);
				MARKETING_VERSION = 1.0;
				PRODUCT_BUNDLE_IDENTIFIER = com.example.dk.SmartRecipe;
				PRODUCT_NAME = "$(TARGET_NAME)";
				PROVISIONING_PROFILE_SPECIFIER = "";
				SWIFT_EMIT_LOC_STRINGS = YES;
				SWIFT_VERSION = 5.0;
				TARGETED_DEVICE_FAMILY = "1,2";
			};
			name = Debug;
		};
		9DD19C1A28F390AA00758C5D /* Release */ = {
			isa = XCBuildConfiguration;
			buildSettings = {
				ASSETCATALOG_COMPILER_APPICON_NAME = AppIcon;
				ASSETCATALOG_COMPILER_GLOBAL_ACCENT_COLOR_NAME = AccentColor;
				CODE_SIGN_IDENTITY = "Apple Development";
				CODE_SIGN_STYLE = Automatic;
				CURRENT_PROJECT_VERSION = 1;
				DEVELOPMENT_TEAM = UTWY6D5UW3;
				GENERATE_INFOPLIST_FILE = YES;
				INFOPLIST_FILE = SmartRecipe/Info.plist;
				INFOPLIST_KEY_UIApplicationSupportsIndirectInputEvents = YES;
				INFOPLIST_KEY_UILaunchStoryboardName = LaunchScreen;
				INFOPLIST_KEY_UIMainStoryboardFile = Main;
				INFOPLIST_KEY_UISupportedInterfaceOrientations_iPad = "UIInterfaceOrientationPortrait UIInterfaceOrientationPortraitUpsideDown UIInterfaceOrientationLandscapeLeft UIInterfaceOrientationLandscapeRight";
				INFOPLIST_KEY_UISupportedInterfaceOrientations_iPhone = "UIInterfaceOrientationPortrait UIInterfaceOrientationLandscapeLeft UIInterfaceOrientationLandscapeRight";
				LD_RUNPATH_SEARCH_PATHS = (
					"$(inherited)",
					"@executable_path/Frameworks",
				);
				MARKETING_VERSION = 1.0;
				PRODUCT_BUNDLE_IDENTIFIER = com.example.dk.SmartRecipe;
				PRODUCT_NAME = "$(TARGET_NAME)";
				PROVISIONING_PROFILE_SPECIFIER = "";
				SWIFT_EMIT_LOC_STRINGS = YES;
				SWIFT_VERSION = 5.0;
				TARGETED_DEVICE_FAMILY = "1,2";
			};
			name = Release;
		};
/* End XCBuildConfiguration section */

/* Begin XCConfigurationList section */
		9DD19BFF28F390A700758C5D /* Build configuration list for PBXProject "SmartRecipe" */ = {
			isa = XCConfigurationList;
			buildConfigurations = (
				9DD19C1628F390AA00758C5D /* Debug */,
				9DD19C1728F390AA00758C5D /* Release */,
			);
			defaultConfigurationIsVisible = 0;
			defaultConfigurationName = Release;
		};
		9DD19C1828F390AA00758C5D /* Build configuration list for PBXNativeTarget "SmartRecipe" */ = {
			isa = XCConfigurationList;
			buildConfigurations = (
				9DD19C1928F390AA00758C5D /* Debug */,
				9DD19C1A28F390AA00758C5D /* Release */,
			);
			defaultConfigurationIsVisible = 0;
			defaultConfigurationName = Release;
		};
/* End XCConfigurationList section */

/* Begin XCRemoteSwiftPackageReference section */
		17F3D061292997FA0043BD90 /* XCRemoteSwiftPackageReference "firebase-ios-sdk" */ = {
			isa = XCRemoteSwiftPackageReference;
			repositoryURL = "https://github.com/firebase/firebase-ios-sdk";
			requirement = {
				kind = upToNextMajorVersion;
				minimumVersion = 9.0.0;
			};
		};
/* End XCRemoteSwiftPackageReference section */

/* Begin XCSwiftPackageProductDependency section */
		17F3D062292997FA0043BD90 /* FirebaseAnalytics */ = {
			isa = XCSwiftPackageProductDependency;
			package = 17F3D061292997FA0043BD90 /* XCRemoteSwiftPackageReference "firebase-ios-sdk" */;
			productName = FirebaseAnalytics;
		};
		17F3D064292997FA0043BD90 /* FirebaseAnalyticsOnDeviceConversion */ = {
			isa = XCSwiftPackageProductDependency;
			package = 17F3D061292997FA0043BD90 /* XCRemoteSwiftPackageReference "firebase-ios-sdk" */;
			productName = FirebaseAnalyticsOnDeviceConversion;
		};
		17F3D066292997FA0043BD90 /* FirebaseAnalyticsSwift */ = {
			isa = XCSwiftPackageProductDependency;
			package = 17F3D061292997FA0043BD90 /* XCRemoteSwiftPackageReference "firebase-ios-sdk" */;
			productName = FirebaseAnalyticsSwift;
		};
		17F3D068292997FA0043BD90 /* FirebaseAnalyticsWithoutAdIdSupport */ = {
			isa = XCSwiftPackageProductDependency;
			package = 17F3D061292997FA0043BD90 /* XCRemoteSwiftPackageReference "firebase-ios-sdk" */;
			productName = FirebaseAnalyticsWithoutAdIdSupport;
		};
		17F3D06A292997FA0043BD90 /* FirebaseAppCheck */ = {
			isa = XCSwiftPackageProductDependency;
			package = 17F3D061292997FA0043BD90 /* XCRemoteSwiftPackageReference "firebase-ios-sdk" */;
			productName = FirebaseAppCheck;
		};
		17F3D06C292997FA0043BD90 /* FirebaseAppDistribution-Beta */ = {
			isa = XCSwiftPackageProductDependency;
			package = 17F3D061292997FA0043BD90 /* XCRemoteSwiftPackageReference "firebase-ios-sdk" */;
			productName = "FirebaseAppDistribution-Beta";
		};
		17F3D06E292997FA0043BD90 /* FirebaseAuth */ = {
			isa = XCSwiftPackageProductDependency;
			package = 17F3D061292997FA0043BD90 /* XCRemoteSwiftPackageReference "firebase-ios-sdk" */;
			productName = FirebaseAuth;
		};
		17F3D070292997FA0043BD90 /* FirebaseAuthCombine-Community */ = {
			isa = XCSwiftPackageProductDependency;
			package = 17F3D061292997FA0043BD90 /* XCRemoteSwiftPackageReference "firebase-ios-sdk" */;
			productName = "FirebaseAuthCombine-Community";
		};
		17F3D072292997FA0043BD90 /* FirebaseDatabase */ = {
			isa = XCSwiftPackageProductDependency;
			package = 17F3D061292997FA0043BD90 /* XCRemoteSwiftPackageReference "firebase-ios-sdk" */;
			productName = FirebaseDatabase;
		};
		17F3D074292997FA0043BD90 /* FirebaseDatabaseSwift */ = {
			isa = XCSwiftPackageProductDependency;
			package = 17F3D061292997FA0043BD90 /* XCRemoteSwiftPackageReference "firebase-ios-sdk" */;
			productName = FirebaseDatabaseSwift;
		};
		17F3D076292997FA0043BD90 /* FirebaseFirestore */ = {
			isa = XCSwiftPackageProductDependency;
			package = 17F3D061292997FA0043BD90 /* XCRemoteSwiftPackageReference "firebase-ios-sdk" */;
			productName = FirebaseFirestore;
		};
/* End XCSwiftPackageProductDependency section */
	};
	rootObject = 9DD19BFC28F390A700758C5D /* Project object */;
}
